
Microsoft Visual Studio Solution File, Format Version 12.00
# Visual Studio Version 17
VisualStudioVersion = 17.10.34928.147
MinimumVisualStudioVersion = 10.0.40219.1
Project("{8BC9CEB8-8B4A-11D0-8D11-00A0C91BC942}") = "yolov11_trtinfer", "yolov11_trtinfer.vcxproj", "{8199CB5F-9200-42BA-BDD1-8428099A1467}"
EndProject
Global
	GlobalSection(SolutionConfigurationPlatforms) = preSolution
		Debug|x64 = Debug|x64
		Debug|x86 = Debug|x86
		Release|x64 = Release|x64
		Release|x86 = Release|x86
	EndGlobalSection
	GlobalSection(ProjectConfigurationPlatforms) = postSolution
		{8199CB5F-9200-42BA-BDD1-8428099A1467}.Debug|x64.ActiveCfg = Debug|x64
		{8199CB5F-9200-42BA-BDD1-8428099A1467}.Debug|x64.Build.0 = Debug|x64
		{8199CB5F-9200-42BA-BDD1-8428099A1467}.Debug|x86.ActiveCfg = Debug|Win32
		{8199CB5F-9200-42BA-BDD1-8428099A1467}.Debug|x86.Build.0 = Debug|Win32
		{8199CB5F-9200-42BA-BDD1-8428099A1467}.Release|x64.ActiveCfg = Release|x64
		{8199CB5F-9200-42BA-BDD1-8428099A1467}.Release|x64.Build.0 = Release|x64
		{8199CB5F-9200-42BA-BDD1-8428099A1467}.Release|x86.ActiveCfg = Release|Win32
		{8199CB5F-9200-42BA-BDD1-8428099A1467}.Release|x86.Build.0 = Release|Win32
	EndGlobalSection
	GlobalSection(SolutionProperties) = preSolution
		HideSolutionNode = FALSE
	EndGlobalSection
	GlobalSection(ExtensibilityGlobals) = postSolution
		SolutionGuid = {5EAF5473-D173-4EBC-881C-A82C2BA2319F}
	EndGlobalSection
EndGlobal
